{
  "originHash" : "6ed5521806fd7080ab6f5c628e0450ca979e9fd456271608978d38c90d011144",
  "pins" : [
    {
      "identity" : "swift-argument-parser",
      "kind" : "remoteSourceControl",
      "location" : "https://github.com/apple/swift-argument-parser",
      "state" : {
        "revision" : "41982a3656a71c768319979febd796c6fd111d5c",
        "version" : "1.5.0"
      }
    },
    {
      "identity" : "swifttokenizer",
      "kind" : "remoteSourceControl",
      "location" : "https://github.com/nicholascross/SwiftTokenizer",
      "state" : {
        "revision" : "c1cd35aa8591c0888088f72cbc5344d168b710aa",
        "version" : "0.0.1"
      }
    },
    {
      "identity" : "terminalui",
      "kind" : "remoteSourceControl",
      "location" : "https://github.com/nicholascross/TerminalUI",
      "state" : {
        "revision" : "0a9e468f58e3c92579e52caf26e9a3da1fc89b34",
        "version" : "0.6.0"
      }
    }
  ],
  "version" : 3
}
