{
  "originHash" : "c5e3a14b2cada8a5eb29edf649ca09468cbcc96610c2ba595fd083850862ae2d",
  "pins" : [
    {
      "identity" : "swift-argument-parser",
      "kind" : "remoteSourceControl",
      "location" : "https://github.com/apple/swift-argument-parser",
      "state" : {
        "revision" : "41982a3656a71c768319979febd796c6fd111d5c",
        "version" : "1.5.0"
      }
    },
    {
      "identity" : "swifttokenizer",
      "kind" : "remoteSourceControl",
      "location" : "https://github.com/nicholascross/SwiftTokenizer",
      "state" : {
        "revision" : "c1cd35aa8591c0888088f72cbc5344d168b710aa",
        "version" : "0.0.1"
      }
    },
    {
      "identity" : "terminalui",
      "kind" : "remoteSourceControl",
      "location" : "https://github.com/nicholascross/TerminalUI",
      "state" : {
        "revision" : "41ecda82541714d48644256718829e41399c12e9",
        "version" : "0.7.0"
      }
    }
  ],
  "version" : 3
}
