{
  "originHash" : "b321e39df75a048693dab9b0f0c9dbc6fb929cb467e4b566a893cccb15e614f5",
  "pins" : [
    {
      "identity" : "patchapplykit",
      "kind" : "remoteSourceControl",
      "location" : "https://github.com/nicholascross/PatchApplyKit",
      "state" : {
        "revision" : "a9d626274352598e38ba00a5c02afa6953311622",
        "version" : "0.0.3"
      }
    },
    {
      "identity" : "swift-argument-parser",
      "kind" : "remoteSourceControl",
      "location" : "https://github.com/apple/swift-argument-parser",
      "state" : {
        "revision" : "309a47b2b1d9b5e991f36961c983ecec72275be3",
        "version" : "1.6.1"
      }
    },
    {
      "identity" : "swifttokenizer",
      "kind" : "remoteSourceControl",
      "location" : "https://github.com/nicholascross/SwiftTokenizer",
      "state" : {
        "revision" : "c1cd35aa8591c0888088f72cbc5344d168b710aa",
        "version" : "0.0.1"
      }
    },
    {
      "identity" : "terminalui",
      "kind" : "remoteSourceControl",
      "location" : "https://github.com/nicholascross/TerminalUI",
      "state" : {
        "revision" : "3b7ec2a7636cc20b4be8e60e6b005ccceb31765b",
        "version" : "0.8.0"
      }
    }
  ],
  "version" : 3
}
